
Microsoft Visual Studio Solution File, Format Version 12.00
# Visual Studio Version 17
VisualStudioVersion = 17.5.33502.453
MinimumVisualStudioVersion = 10.0.40219.1
Project("{FAE04EC0-301F-11D3-BF4B-00C04F79EFBC}") = "screenSharing_textserver", "screenSharing_textserver\screenSharing_textserver.csproj", "{2C4A5A45-5585-41F1-92A0-DA9B64BE494B}"
EndProject
Global
	GlobalSection(SolutionConfigurationPlatforms) = preSolution
		Debug|Any CPU = Debug|Any CPU
		Release|Any CPU = Release|Any CPU
	EndGlobalSection
	GlobalSection(ProjectConfigurationPlatforms) = postSolution
		{2C4A5A45-5585-41F1-92A0-DA9B64BE494B}.Debug|Any CPU.ActiveCfg = Debug|Any CPU
		{2C4A5A45-5585-41F1-92A0-DA9B64BE494B}.Debug|Any CPU.Build.0 = Debug|Any CPU
		{2C4A5A45-5585-41F1-92A0-DA9B64BE494B}.Release|Any CPU.ActiveCfg = Release|Any CPU
		{2C4A5A45-5585-41F1-92A0-DA9B64BE494B}.Release|Any CPU.Build.0 = Release|Any CPU
	EndGlobalSection
	GlobalSection(SolutionProperties) = preSolution
		HideSolutionNode = FALSE
	EndGlobalSection
	GlobalSection(ExtensibilityGlobals) = postSolution
		SolutionGuid = {64E674B4-AE78-4018-9C54-1A8DFD6E33CA}
	EndGlobalSection
EndGlobal
