
Microsoft Visual Studio Solution File, Format Version 12.00
# Visual Studio Version 16
VisualStudioVersion = 16.0.33423.256
MinimumVisualStudioVersion = 10.0.40219.1
Project("{FAE04EC0-301F-11D3-BF4B-00C04F79EFBC}") = "clientTest", "clientTest\clientTest.csproj", "{308B2654-8345-428A-9ABC-65096305D5C6}"
EndProject
Global
	GlobalSection(SolutionConfigurationPlatforms) = preSolution
		Debug|Any CPU = Debug|Any CPU
		Release|Any CPU = Release|Any CPU
	EndGlobalSection
	GlobalSection(ProjectConfigurationPlatforms) = postSolution
		{308B2654-8345-428A-9ABC-65096305D5C6}.Debug|Any CPU.ActiveCfg = Debug|Any CPU
		{308B2654-8345-428A-9ABC-65096305D5C6}.Debug|Any CPU.Build.0 = Debug|Any CPU
		{308B2654-8345-428A-9ABC-65096305D5C6}.Release|Any CPU.ActiveCfg = Release|Any CPU
		{308B2654-8345-428A-9ABC-65096305D5C6}.Release|Any CPU.Build.0 = Release|Any CPU
	EndGlobalSection
	GlobalSection(SolutionProperties) = preSolution
		HideSolutionNode = FALSE
	EndGlobalSection
	GlobalSection(ExtensibilityGlobals) = postSolution
		SolutionGuid = {7C743ADC-43EC-46EF-937F-383AFA8F646F}
	EndGlobalSection
EndGlobal
